
Microsoft Visual Studio Solution File, Format Version 12.00
# Visual Studio Version 17
VisualStudioVersion = 17.9.34728.123
MinimumVisualStudioVersion = 10.0.40219.1
Project("{FAE04EC0-301F-11D3-BF4B-00C04F79EFBC}") = "United.Challenge.Api", "United.Challenge.Api\United.Challenge.Api.csproj", "{BB539487-4852-4B9B-890D-418DF22F5DCD}"
EndProject
Global
	GlobalSection(SolutionConfigurationPlatforms) = preSolution
		Debug|Any CPU = Debug|Any CPU
		Release|Any CPU = Release|Any CPU
	EndGlobalSection
	GlobalSection(ProjectConfigurationPlatforms) = postSolution
		{BB539487-4852-4B9B-890D-418DF22F5DCD}.Debug|Any CPU.ActiveCfg = Debug|Any CPU
		{BB539487-4852-4B9B-890D-418DF22F5DCD}.Debug|Any CPU.Build.0 = Debug|Any CPU
		{BB539487-4852-4B9B-890D-418DF22F5DCD}.Release|Any CPU.ActiveCfg = Release|Any CPU
		{BB539487-4852-4B9B-890D-418DF22F5DCD}.Release|Any CPU.Build.0 = Release|Any CPU
	EndGlobalSection
	GlobalSection(SolutionProperties) = preSolution
		HideSolutionNode = FALSE
	EndGlobalSection
	GlobalSection(ExtensibilityGlobals) = postSolution
		SolutionGuid = {01DD0F23-66E2-4BE0-BF67-B0E6EFB3679A}
	EndGlobalSection
EndGlobal
